// !$*UTF8*$!
{
	archiveVersion = 1;
	classes = {
	};
	objectVersion = 50;
	objects = {

/* Begin PBXBuildFile section */
		8780BD7A240CCB06007D948B /* PineBoardServices.framework in Frameworks */ = {isa = PBXBuildFile; fileRef = 8780BD78240CCB06007D948B /* PineBoardServices.framework */; };
		8780BD7B240CCB06007D948B /* TVSystemMenuUI.framework in Frameworks */ = {isa = PBXBuildFile; fileRef = 8780BD79240CCB06007D948B /* TVSystemMenuUI.framework */; };
		87EF8A69240CAEE500F28579 /* AlarmModalViewController.h in Sources */ = {isa = PBXBuildFile; fileRef = 87EF8A5D240C731100F28579 /* AlarmModalViewController.h */; };
		87EF8A6A240CAEE500F28579 /* AlarmModalViewController.m in Sources */ = {isa = PBXBuildFile; fileRef = 87EF8A5B240C731100F28579 /* AlarmModalViewController.m */; };
		87EF8A6B240CAEE500F28579 /* Main.storyboard in Sources */ = {isa = PBXBuildFile; fileRef = 87EF8A5C240C731100F28579 /* Main.storyboard */; };
		87EF8A6C240CAEE500F28579 /* Makefile in Sources */ = {isa = PBXBuildFile; fileRef = 87EF8A5A240C731100F28579 /* Makefile */; };
		87EF8A6E240CAEE500F28579 /* SLPSleepTimerModule.h in Sources */ = {isa = PBXBuildFile; fileRef = 87EF8A59240C731100F28579 /* SLPSleepTimerModule.h */; };
		87EF8A6F240CAEE500F28579 /* SLPSleepTimerModule.m in Sources */ = {isa = PBXBuildFile; fileRef = 87EF8A5E240C731100F28579 /* SLPSleepTimerModule.m */; };
		87EF8A72240CAEFE00F28579 /* SleepTimerTweak.plist in Sources */ = {isa = PBXBuildFile; fileRef = 87EF8A68240CAEB700F28579 /* SleepTimerTweak.plist */; };
		87EF8A73240CAEFE00F28579 /* control in Sources */ = {isa = PBXBuildFile; fileRef = 87EF8A65240CAEB600F28579 /* control */; };
		87EF8A74240CAEFE00F28579 /* Makefile in Sources */ = {isa = PBXBuildFile; fileRef = 87EF8A66240CAEB600F28579 /* Makefile */; };
		87EF8A75240CAEFE00F28579 /* Tweak.xm in Sources */ = {isa = PBXBuildFile; fileRef = 87EF8A64240CAEB600F28579 /* Tweak.xm */; };
/* End PBXBuildFile section */

/* Begin PBXCopyFilesBuildPhase section */
		87EF8A4D240C72EB00F28579 /* CopyFiles */ = {
			isa = PBXCopyFilesBuildPhase;
			buildActionMask = 2147483647;
			dstPath = "include/$(PRODUCT_NAME)";
			dstSubfolderSpec = 16;
			files = (
			);
			runOnlyForDeploymentPostprocessing = 0;
		};
/* End PBXCopyFilesBuildPhase section */

/* Begin PBXFileReference section */
		8780BD78240CCB06007D948B /* PineBoardServices.framework */ = {isa = PBXFileReference; lastKnownFileType = wrapper.framework; name = PineBoardServices.framework; path = Frameworks/PineBoardServices.framework; sourceTree = "<group>"; };
		8780BD79240CCB06007D948B /* TVSystemMenuUI.framework */ = {isa = PBXFileReference; lastKnownFileType = wrapper.framework; name = TVSystemMenuUI.framework; path = Frameworks/TVSystemMenuUI.framework; sourceTree = "<group>"; };
		87D74DAB240CBFB700463090 /* Resources */ = {isa = PBXFileReference; fileEncoding = 4; lastKnownFileType = text; name = Resources; path = SleepTimer/Resources; sourceTree = SOURCE_ROOT; };
		87EF8A4F240C72EB00F28579 /* libSleepTimer.a */ = {isa = PBXFileReference; explicitFileType = archive.ar; includeInIndex = 0; path = libSleepTimer.a; sourceTree = BUILT_PRODUCTS_DIR; };
		87EF8A59240C731100F28579 /* SLPSleepTimerModule.h */ = {isa = PBXFileReference; fileEncoding = 4; lastKnownFileType = sourcecode.c.h; name = SLPSleepTimerModule.h; path = ../SLPSleepTimerModule.h; sourceTree = "<group>"; };
		87EF8A5A240C731100F28579 /* Makefile */ = {isa = PBXFileReference; explicitFileType = sourcecode.make; fileEncoding = 4; name = Makefile; path = ../Makefile; sourceTree = "<group>"; };
		87EF8A5B240C731100F28579 /* AlarmModalViewController.m */ = {isa = PBXFileReference; fileEncoding = 4; lastKnownFileType = sourcecode.c.objc; name = AlarmModalViewController.m; path = ../AlarmModalViewController.m; sourceTree = "<group>"; };
		87EF8A5C240C731100F28579 /* Main.storyboard */ = {isa = PBXFileReference; fileEncoding = 4; lastKnownFileType = file.storyboard; name = Main.storyboard; path = ../Main.storyboard; sourceTree = "<group>"; };
		87EF8A5D240C731100F28579 /* AlarmModalViewController.h */ = {isa = PBXFileReference; explicitFileType = sourcecode.c.objc; fileEncoding = 4; name = AlarmModalViewController.h; path = ../AlarmModalViewController.h; sourceTree = "<group>"; };
		87EF8A5E240C731100F28579 /* SLPSleepTimerModule.m */ = {isa = PBXFileReference; fileEncoding = 4; lastKnownFileType = sourcecode.c.objc; name = SLPSleepTimerModule.m; path = ../SLPSleepTimerModule.m; sourceTree = "<group>"; };
		87EF8A64240CAEB600F28579 /* Tweak.xm */ = {isa = PBXFileReference; lastKnownFileType = text; path = Tweak.xm; sourceTree = SOURCE_ROOT; };
		87EF8A65240CAEB600F28579 /* control */ = {isa = PBXFileReference; fileEncoding = 4; lastKnownFileType = text; path = control; sourceTree = SOURCE_ROOT; };
		87EF8A66240CAEB600F28579 /* Makefile */ = {isa = PBXFileReference; fileEncoding = 4; lastKnownFileType = text; path = Makefile; sourceTree = SOURCE_ROOT; };
		87EF8A68240CAEB700F28579 /* SleepTimerTweak.plist */ = {isa = PBXFileReference; lastKnownFileType = text.plist; path = SleepTimerTweak.plist; sourceTree = SOURCE_ROOT; };
/* End PBXFileReference section */

/* Begin PBXFrameworksBuildPhase section */
		87EF8A4C240C72EB00F28579 /* Frameworks */ = {
			isa = PBXFrameworksBuildPhase;
			buildActionMask = 2147483647;
			files = (
				8780BD7A240CCB06007D948B /* PineBoardServices.framework in Frameworks */,
				8780BD7B240CCB06007D948B /* TVSystemMenuUI.framework in Frameworks */,
			);
			runOnlyForDeploymentPostprocessing = 0;
		};
/* End PBXFrameworksBuildPhase section */

/* Begin PBXGroup section */
		87EF8A44240C721B00F28579 = {
			isa = PBXGroup;
			children = (
				87EF8A51240C72EB00F28579 /* SleepTimer */,
				87EF8A50240C72EB00F28579 /* Products */,
				87EF8A79240CB10600F28579 /* Frameworks */,
			);
			sourceTree = "<group>";
		};
		87EF8A50240C72EB00F28579 /* Products */ = {
			isa = PBXGroup;
			children = (
				87EF8A4F240C72EB00F28579 /* libSleepTimer.a */,
			);
			name = Products;
			sourceTree = "<group>";
		};
		87EF8A51240C72EB00F28579 /* SleepTimer */ = {
			isa = PBXGroup;
			children = (
				87EF8A68240CAEB700F28579 /* SleepTimerTweak.plist */,
				87EF8A65240CAEB600F28579 /* control */,
				87EF8A66240CAEB600F28579 /* Makefile */,
				87EF8A64240CAEB600F28579 /* Tweak.xm */,
				87EF8A63240CAE7900F28579 /* SleepTimer(Bundle) */,
			);
			path = SleepTimer;
			sourceTree = "<group>";
		};
		87EF8A63240CAE7900F28579 /* SleepTimer(Bundle) */ = {
			isa = PBXGroup;
			children = (
				87D74DAB240CBFB700463090 /* Resources */,
				87EF8A5A240C731100F28579 /* Makefile */,
				87EF8A59240C731100F28579 /* SLPSleepTimerModule.h */,
				87EF8A5E240C731100F28579 /* SLPSleepTimerModule.m */,
				87EF8A5C240C731100F28579 /* Main.storyboard */,
				87EF8A5D240C731100F28579 /* AlarmModalViewController.h */,
				87EF8A5B240C731100F28579 /* AlarmModalViewController.m */,
			);
			path = "SleepTimer(Bundle)";
			sourceTree = "<group>";
		};
		87EF8A79240CB10600F28579 /* Frameworks */ = {
			isa = PBXGroup;
			children = (
				8780BD78240CCB06007D948B /* PineBoardServices.framework */,
				8780BD79240CCB06007D948B /* TVSystemMenuUI.framework */,
			);
			name = Frameworks;
			sourceTree = "<group>";
		};
/* End PBXGroup section */

/* Begin PBXHeadersBuildPhase section */
		872068B9240CC83B00A6D740 /* Headers */ = {
			isa = PBXHeadersBuildPhase;
			buildActionMask = 2147483647;
			files = (
			);
			runOnlyForDeploymentPostprocessing = 0;
		};
/* End PBXHeadersBuildPhase section */

/* Begin PBXNativeTarget section */
		87EF8A4E240C72EB00F28579 /* SleepTimer */ = {
			isa = PBXNativeTarget;
			buildConfigurationList = 87EF8A58240C72EB00F28579 /* Build configuration list for PBXNativeTarget "SleepTimer" */;
			buildPhases = (
				872068B9240CC83B00A6D740 /* Headers */,
				87EF8A4B240C72EB00F28579 /* Sources */,
				87EF8A4C240C72EB00F28579 /* Frameworks */,
				87EF8A4D240C72EB00F28579 /* CopyFiles */,
				87EF8A76240CAF1800F28579 /* Run Script */,
			);
			buildRules = (
			);
			dependencies = (
			);
			name = SleepTimer;
			productName = SleepTimer;
			productReference = 87EF8A4F240C72EB00F28579 /* libSleepTimer.a */;
			productType = "com.apple.product-type.library.static";
		};
/* End PBXNativeTarget section */

/* Begin PBXProject section */
		87EF8A45240C721B00F28579 /* Project object */ = {
			isa = PBXProject;
			attributes = {
				LastUpgradeCheck = 1130;
				TargetAttributes = {
					87EF8A4E240C72EB00F28579 = {
						CreatedOnToolsVersion = 11.3.1;
					};
				};
			};
			buildConfigurationList = 87EF8A48240C721B00F28579 /* Build configuration list for PBXProject "SleepTimer" */;
			compatibilityVersion = "Xcode 9.3";
			developmentRegion = en;
			hasScannedForEncodings = 0;
			knownRegions = (
				en,
				Base,
			);
			mainGroup = 87EF8A44240C721B00F28579;
			productRefGroup = 87EF8A50240C72EB00F28579 /* Products */;
			projectDirPath = "";
			projectRoot = "";
			targets = (
				87EF8A4E240C72EB00F28579 /* SleepTimer */,
			);
		};
/* End PBXProject section */

/* Begin PBXShellScriptBuildPhase section */
		87EF8A76240CAF1800F28579 /* Run Script */ = {
			isa = PBXShellScriptBuildPhase;
			buildActionMask = 2147483647;
			files = (
			);
			inputFileListPaths = (
			);
			inputPaths = (
			);
			name = "Run Script";
			outputFileListPaths = (
			);
			outputPaths = (
			);
			runOnlyForDeploymentPostprocessing = 0;
			shellPath = /bin/zsh;
			shellScript = "make package install;\n";
		};
/* End PBXShellScriptBuildPhase section */

/* Begin PBXSourcesBuildPhase section */
		87EF8A4B240C72EB00F28579 /* Sources */ = {
			isa = PBXSourcesBuildPhase;
			buildActionMask = 2147483647;
			files = (
				87EF8A72240CAEFE00F28579 /* SleepTimerTweak.plist in Sources */,
				87EF8A73240CAEFE00F28579 /* control in Sources */,
				87EF8A74240CAEFE00F28579 /* Makefile in Sources */,
				87EF8A75240CAEFE00F28579 /* Tweak.xm in Sources */,
				87EF8A6C240CAEE500F28579 /* Makefile in Sources */,
				87EF8A69240CAEE500F28579 /* AlarmModalViewController.h in Sources */,
				87EF8A6A240CAEE500F28579 /* AlarmModalViewController.m in Sources */,
				87EF8A6B240CAEE500F28579 /* Main.storyboard in Sources */,
				87EF8A6E240CAEE500F28579 /* SLPSleepTimerModule.h in Sources */,
				87EF8A6F240CAEE500F28579 /* SLPSleepTimerModule.m in Sources */,
			);
			runOnlyForDeploymentPostprocessing = 0;
		};
/* End PBXSourcesBuildPhase section */

/* Begin XCBuildConfiguration section */
		87EF8A49240C721C00F28579 /* Debug */ = {
			isa = XCBuildConfiguration;
			buildSettings = {
				FRAMEWORK_SEARCH_PATHS = (
					"$(inherited)",
					"$(PROJECT_DIR)/SleepTimer/Frameworks",
					"$(PROJECT_DIR)/Frameworks",
				);
				HEADER_SEARCH_PATHS = "\"$(SRCROOT)/Frameworks\"/**";
				ONLY_ACTIVE_ARCH = YES;
				SDKROOT = appletvos;
			};
			name = Debug;
		};
		87EF8A4A240C721C00F28579 /* Release */ = {
			isa = XCBuildConfiguration;
			buildSettings = {
				FRAMEWORK_SEARCH_PATHS = (
					"$(inherited)",
					"$(PROJECT_DIR)/SleepTimer/Frameworks",
					"$(PROJECT_DIR)/Frameworks",
				);
				HEADER_SEARCH_PATHS = "\"$(SRCROOT)/Frameworks\"/**";
				SDKROOT = appletvos;
			};
			name = Release;
		};
		87EF8A56240C72EB00F28579 /* Debug */ = {
			isa = XCBuildConfiguration;
			buildSettings = {
				ALWAYS_SEARCH_USER_PATHS = NO;
				CLANG_ANALYZER_NONNULL = YES;
				CLANG_ANALYZER_NUMBER_OBJECT_CONVERSION = YES_AGGRESSIVE;
				CLANG_CXX_LANGUAGE_STANDARD = "gnu++14";
				CLANG_CXX_LIBRARY = "libc++";
				CLANG_ENABLE_MODULES = YES;
				CLANG_ENABLE_OBJC_ARC = YES;
				CLANG_ENABLE_OBJC_WEAK = YES;
				CLANG_WARN_BLOCK_CAPTURE_AUTORELEASING = YES;
				CLANG_WARN_BOOL_CONVERSION = YES;
				CLANG_WARN_COMMA = YES;
				CLANG_WARN_CONSTANT_CONVERSION = YES;
				CLANG_WARN_DEPRECATED_OBJC_IMPLEMENTATIONS = YES;
				CLANG_WARN_DIRECT_OBJC_ISA_USAGE = YES_ERROR;
				CLANG_WARN_DOCUMENTATION_COMMENTS = YES;
				CLANG_WARN_EMPTY_BODY = YES;
				CLANG_WARN_ENUM_CONVERSION = YES;
				CLANG_WARN_INFINITE_RECURSION = YES;
				CLANG_WARN_INT_CONVERSION = YES;
				CLANG_WARN_NON_LITERAL_NULL_CONVERSION = YES;
				CLANG_WARN_OBJC_IMPLICIT_RETAIN_SELF = YES;
				CLANG_WARN_OBJC_LITERAL_CONVERSION = YES;
				CLANG_WARN_OBJC_ROOT_CLASS = YES_ERROR;
				CLANG_WARN_RANGE_LOOP_ANALYSIS = YES;
				CLANG_WARN_STRICT_PROTOTYPES = YES;
				CLANG_WARN_SUSPICIOUS_MOVE = YES;
				CLANG_WARN_UNGUARDED_AVAILABILITY = YES_AGGRESSIVE;
				CLANG_WARN_UNREACHABLE_CODE = YES;
				CLANG_WARN__DUPLICATE_METHOD_MATCH = YES;
				CODE_SIGN_STYLE = Automatic;
				COPY_PHASE_STRIP = NO;
				DEBUG_INFORMATION_FORMAT = dwarf;
				DEVELOPMENT_TEAM = VYSX36K935;
				ENABLE_STRICT_OBJC_MSGSEND = YES;
				ENABLE_TESTABILITY = YES;
				FRAMEWORK_SEARCH_PATHS = (
					"$(inherited)",
					"$(PROJECT_DIR)/Frameworks",
					"$(PROJECT_DIR)/SleepTimer/Frameworks",
				);
				GCC_C_LANGUAGE_STANDARD = gnu11;
				GCC_DYNAMIC_NO_PIC = NO;
				GCC_NO_COMMON_BLOCKS = YES;
				GCC_OPTIMIZATION_LEVEL = 0;
				GCC_PREPROCESSOR_DEFINITIONS = (
					"DEBUG=1",
					"$(inherited)",
				);
				GCC_WARN_64_TO_32_BIT_CONVERSION = YES;
				GCC_WARN_ABOUT_RETURN_TYPE = YES_ERROR;
				GCC_WARN_UNDECLARED_SELECTOR = YES;
				GCC_WARN_UNINITIALIZED_AUTOS = YES_AGGRESSIVE;
				GCC_WARN_UNUSED_FUNCTION = YES;
				GCC_WARN_UNUSED_VARIABLE = YES;
				HEADER_SEARCH_PATHS = /opt/theos/include;
				MTL_ENABLE_DEBUG_INFO = INCLUDE_SOURCE;
				MTL_FAST_MATH = YES;
				ONLY_ACTIVE_ARCH = YES;
				OTHER_LDFLAGS = "-ObjC";
				PRODUCT_NAME = "$(TARGET_NAME)";
				SDKROOT = appletvos;
				SKIP_INSTALL = YES;
				TARGETED_DEVICE_FAMILY = 3;
				TVOS_DEPLOYMENT_TARGET = 13.2;
			};
			name = Debug;
		};
		87EF8A57240C72EB00F28579 /* Release */ = {
			isa = XCBuildConfiguration;
			buildSettings = {
				ALWAYS_SEARCH_USER_PATHS = NO;
				CLANG_ANALYZER_NONNULL = YES;
				CLANG_ANALYZER_NUMBER_OBJECT_CONVERSION = YES_AGGRESSIVE;
				CLANG_CXX_LANGUAGE_STANDARD = "gnu++14";
				CLANG_CXX_LIBRARY = "libc++";
				CLANG_ENABLE_MODULES = YES;
				CLANG_ENABLE_OBJC_ARC = YES;
				CLANG_ENABLE_OBJC_WEAK = YES;
				CLANG_WARN_BLOCK_CAPTURE_AUTORELEASING = YES;
				CLANG_WARN_BOOL_CONVERSION = YES;
				CLANG_WARN_COMMA = YES;
				CLANG_WARN_CONSTANT_CONVERSION = YES;
				CLANG_WARN_DEPRECATED_OBJC_IMPLEMENTATIONS = YES;
				CLANG_WARN_DIRECT_OBJC_ISA_USAGE = YES_ERROR;
				CLANG_WARN_DOCUMENTATION_COMMENTS = YES;
				CLANG_WARN_EMPTY_BODY = YES;
				CLANG_WARN_ENUM_CONVERSION = YES;
				CLANG_WARN_INFINITE_RECURSION = YES;
				CLANG_WARN_INT_CONVERSION = YES;
				CLANG_WARN_NON_LITERAL_NULL_CONVERSION = YES;
				CLANG_WARN_OBJC_IMPLICIT_RETAIN_SELF = YES;
				CLANG_WARN_OBJC_LITERAL_CONVERSION = YES;
				CLANG_WARN_OBJC_ROOT_CLASS = YES_ERROR;
				CLANG_WARN_RANGE_LOOP_ANALYSIS = YES;
				CLANG_WARN_STRICT_PROTOTYPES = YES;
				CLANG_WARN_SUSPICIOUS_MOVE = YES;
				CLANG_WARN_UNGUARDED_AVAILABILITY = YES_AGGRESSIVE;
				CLANG_WARN_UNREACHABLE_CODE = YES;
				CLANG_WARN__DUPLICATE_METHOD_MATCH = YES;
				CODE_SIGN_STYLE = Automatic;
				COPY_PHASE_STRIP = NO;
				DEBUG_INFORMATION_FORMAT = "dwarf-with-dsym";
				DEVELOPMENT_TEAM = VYSX36K935;
				ENABLE_NS_ASSERTIONS = NO;
				ENABLE_STRICT_OBJC_MSGSEND = YES;
				FRAMEWORK_SEARCH_PATHS = (
					"$(inherited)",
					"$(PROJECT_DIR)/Frameworks",
					"$(PROJECT_DIR)/SleepTimer/Frameworks",
				);
				GCC_C_LANGUAGE_STANDARD = gnu11;
				GCC_NO_COMMON_BLOCKS = YES;
				GCC_WARN_64_TO_32_BIT_CONVERSION = YES;
				GCC_WARN_ABOUT_RETURN_TYPE = YES_ERROR;
				GCC_WARN_UNDECLARED_SELECTOR = YES;
				GCC_WARN_UNINITIALIZED_AUTOS = YES_AGGRESSIVE;
				GCC_WARN_UNUSED_FUNCTION = YES;
				GCC_WARN_UNUSED_VARIABLE = YES;
				HEADER_SEARCH_PATHS = /opt/theos/include;
				MTL_ENABLE_DEBUG_INFO = NO;
				MTL_FAST_MATH = YES;
				OTHER_LDFLAGS = "-ObjC";
				PRODUCT_NAME = "$(TARGET_NAME)";
				SDKROOT = appletvos;
				SKIP_INSTALL = YES;
				TARGETED_DEVICE_FAMILY = 3;
				TVOS_DEPLOYMENT_TARGET = 13.2;
				VALIDATE_PRODUCT = YES;
			};
			name = Release;
		};
/* End XCBuildConfiguration section */

/* Begin XCConfigurationList section */
		87EF8A48240C721B00F28579 /* Build configuration list for PBXProject "SleepTimer" */ = {
			isa = XCConfigurationList;
			buildConfigurations = (
				87EF8A49240C721C00F28579 /* Debug */,
				87EF8A4A240C721C00F28579 /* Release */,
			);
			defaultConfigurationIsVisible = 0;
			defaultConfigurationName = Release;
		};
		87EF8A58240C72EB00F28579 /* Build configuration list for PBXNativeTarget "SleepTimer" */ = {
			isa = XCConfigurationList;
			buildConfigurations = (
				87EF8A56240C72EB00F28579 /* Debug */,
				87EF8A57240C72EB00F28579 /* Release */,
			);
			defaultConfigurationIsVisible = 0;
			defaultConfigurationName = Release;
		};
/* End XCConfigurationList section */
	};
	rootObject = 87EF8A45240C721B00F28579 /* Project object */;
}
